
Microsoft Visual Studio Solution File, Format Version 11.00
# Visual Studio 2010
Project("{8BC9CEB8-8B4A-11D0-8D11-00A0C91BC942}") = "EngineCore", "EngineCore\EngineCore.vcxproj", "{A1D41E8C-A1BD-064A-E968-6969EB8A3318}"
EndProject
Project("{8BC9CEB8-8B4A-11D0-8D11-00A0C91BC942}") = "Planet", "Planet\Planet.vcxproj", "{16AFC867-46F6-68B0-77E8-8652400B1745}"
	ProjectSection(ProjectDependencies) = postProject
		{A1D41E8C-A1BD-064A-E968-6969EB8A3318} = {A1D41E8C-A1BD-064A-E968-6969EB8A3318}
	EndProjectSection
EndProject
Global
	GlobalSection(SolutionConfigurationPlatforms) = preSolution
		Debug|Win32 = Debug|Win32
		Release|Win32 = Release|Win32
		Template|Win32 = Template|Win32
	EndGlobalSection
	GlobalSection(ProjectConfigurationPlatforms) = postSolution
		{A1D41E8C-A1BD-064A-E968-6969EB8A3318}.Debug|Win32.ActiveCfg = Debug|Win32
		{A1D41E8C-A1BD-064A-E968-6969EB8A3318}.Debug|Win32.Build.0 = Debug|Win32
		{A1D41E8C-A1BD-064A-E968-6969EB8A3318}.Release|Win32.ActiveCfg = Release|Win32
		{A1D41E8C-A1BD-064A-E968-6969EB8A3318}.Release|Win32.Build.0 = Release|Win32
		{A1D41E8C-A1BD-064A-E968-6969EB8A3318}.Template|Win32.ActiveCfg = Release|Win32
		{A1D41E8C-A1BD-064A-E968-6969EB8A3318}.Template|Win32.Build.0 = Release|Win32
		{16AFC867-46F6-68B0-77E8-8652400B1745}.Debug|Win32.ActiveCfg = Debug|Win32
		{16AFC867-46F6-68B0-77E8-8652400B1745}.Debug|Win32.Build.0 = Debug|Win32
		{16AFC867-46F6-68B0-77E8-8652400B1745}.Release|Win32.ActiveCfg = Release|Win32
		{16AFC867-46F6-68B0-77E8-8652400B1745}.Release|Win32.Build.0 = Release|Win32
		{16AFC867-46F6-68B0-77E8-8652400B1745}.Template|Win32.ActiveCfg = Template|Win32
		{16AFC867-46F6-68B0-77E8-8652400B1745}.Template|Win32.Build.0 = Template|Win32
	EndGlobalSection
	GlobalSection(SolutionProperties) = preSolution
		HideSolutionNode = FALSE
	EndGlobalSection
EndGlobal
